
Microsoft Visual Studio Solution File, Format Version 12.00
# Visual Studio 15
VisualStudioVersion = 15.0.28010.2048
MinimumVisualStudioVersion = 10.0.40219.1
Project("{FAE04EC0-301F-11D3-BF4B-00C04F79EFBC}") = "ToT", "ToT\ToT.csproj", "{F296CEBE-190D-42B4-B077-C8DD04E03E8C}"
EndProject
Project("{FAE04EC0-301F-11D3-BF4B-00C04F79EFBC}") = "server", "server\server.csproj", "{54B795C0-3A45-46D5-833A-02585D781DB0}"
EndProject
Global
	GlobalSection(SolutionConfigurationPlatforms) = preSolution
		Debug|Any CPU = Debug|Any CPU
		Release|Any CPU = Release|Any CPU
	EndGlobalSection
	GlobalSection(ProjectConfigurationPlatforms) = postSolution
		{F296CEBE-190D-42B4-B077-C8DD04E03E8C}.Debug|Any CPU.ActiveCfg = Debug|Any CPU
		{F296CEBE-190D-42B4-B077-C8DD04E03E8C}.Debug|Any CPU.Build.0 = Debug|Any CPU
		{F296CEBE-190D-42B4-B077-C8DD04E03E8C}.Release|Any CPU.ActiveCfg = Release|Any CPU
		{F296CEBE-190D-42B4-B077-C8DD04E03E8C}.Release|Any CPU.Build.0 = Release|Any CPU
		{54B795C0-3A45-46D5-833A-02585D781DB0}.Debug|Any CPU.ActiveCfg = Debug|Any CPU
		{54B795C0-3A45-46D5-833A-02585D781DB0}.Debug|Any CPU.Build.0 = Debug|Any CPU
		{54B795C0-3A45-46D5-833A-02585D781DB0}.Release|Any CPU.ActiveCfg = Release|Any CPU
		{54B795C0-3A45-46D5-833A-02585D781DB0}.Release|Any CPU.Build.0 = Release|Any CPU
	EndGlobalSection
	GlobalSection(SolutionProperties) = preSolution
		HideSolutionNode = FALSE
	EndGlobalSection
	GlobalSection(ExtensibilityGlobals) = postSolution
		SolutionGuid = {8C977872-859E-4A2A-83C2-B89A1210B936}
	EndGlobalSection
EndGlobal
